// !$*UTF8*$!
{
	archiveVersion = 1;
	classes = {
	};
	objectVersion = 50;
	objects = {

/* Begin PBXBuildFile section */
		59F1ADF0226ED20B00A8A40E /* AppDelegate.swift in Sources */ = {isa = PBXBuildFile; fileRef = 59F1ADEF226ED20B00A8A40E /* AppDelegate.swift */; };
		59F1ADF2226ED20B00A8A40E /* ViewController.swift in Sources */ = {isa = PBXBuildFile; fileRef = 59F1ADF1226ED20B00A8A40E /* ViewController.swift */; };
		59F1ADF5226ED20B00A8A40E /* Main.storyboard in Resources */ = {isa = PBXBuildFile; fileRef = 59F1ADF3226ED20B00A8A40E /* Main.storyboard */; };
		59F1ADF7226ED21100A8A40E /* Assets.xcassets in Resources */ = {isa = PBXBuildFile; fileRef = 59F1ADF6226ED21100A8A40E /* Assets.xcassets */; };
		59F1ADFA226ED21100A8A40E /* LaunchScreen.storyboard in Resources */ = {isa = PBXBuildFile; fileRef = 59F1ADF8226ED21100A8A40E /* LaunchScreen.storyboard */; };
		59F1AE02226FECA100A8A40E /* ImageModel.swift in Sources */ = {isa = PBXBuildFile; fileRef = 59F1AE01226FECA100A8A40E /* ImageModel.swift */; };
		78163855553B8CD63E77F448 /* Pods_CameraPhoto.framework in Frameworks */ = {isa = PBXBuildFile; fileRef = FAE1E71AEA45BEF97F884B86 /* Pods_CameraPhoto.framework */; };
/* End PBXBuildFile section */

/* Begin PBXFileReference section */
		59F1ADEC226ED20B00A8A40E /* CameraPhoto.app */ = {isa = PBXFileReference; explicitFileType = wrapper.application; includeInIndex = 0; path = CameraPhoto.app; sourceTree = BUILT_PRODUCTS_DIR; };
		59F1ADEF226ED20B00A8A40E /* AppDelegate.swift */ = {isa = PBXFileReference; lastKnownFileType = sourcecode.swift; path = AppDelegate.swift; sourceTree = "<group>"; };
		59F1ADF1226ED20B00A8A40E /* ViewController.swift */ = {isa = PBXFileReference; lastKnownFileType = sourcecode.swift; path = ViewController.swift; sourceTree = "<group>"; };
		59F1ADF4226ED20B00A8A40E /* Base */ = {isa = PBXFileReference; lastKnownFileType = file.storyboard; name = Base; path = Base.lproj/Main.storyboard; sourceTree = "<group>"; };
		59F1ADF6226ED21100A8A40E /* Assets.xcassets */ = {isa = PBXFileReference; lastKnownFileType = folder.assetcatalog; path = Assets.xcassets; sourceTree = "<group>"; };
		59F1ADF9226ED21100A8A40E /* Base */ = {isa = PBXFileReference; lastKnownFileType = file.storyboard; name = Base; path = Base.lproj/LaunchScreen.storyboard; sourceTree = "<group>"; };
		59F1ADFB226ED21100A8A40E /* Info.plist */ = {isa = PBXFileReference; lastKnownFileType = text.plist.xml; path = Info.plist; sourceTree = "<group>"; };
		59F1AE01226FECA100A8A40E /* ImageModel.swift */ = {isa = PBXFileReference; lastKnownFileType = sourcecode.swift; path = ImageModel.swift; sourceTree = "<group>"; };
		694776DDAEB10740BD893D81 /* Pods-CameraPhoto.release.xcconfig */ = {isa = PBXFileReference; includeInIndex = 1; lastKnownFileType = text.xcconfig; name = "Pods-CameraPhoto.release.xcconfig"; path = "Target Support Files/Pods-CameraPhoto/Pods-CameraPhoto.release.xcconfig"; sourceTree = "<group>"; };
		BFA4EE8CA14941F4A9249DF2 /* Pods-CameraPhoto.debug.xcconfig */ = {isa = PBXFileReference; includeInIndex = 1; lastKnownFileType = text.xcconfig; name = "Pods-CameraPhoto.debug.xcconfig"; path = "Target Support Files/Pods-CameraPhoto/Pods-CameraPhoto.debug.xcconfig"; sourceTree = "<group>"; };
		FAE1E71AEA45BEF97F884B86 /* Pods_CameraPhoto.framework */ = {isa = PBXFileReference; explicitFileType = wrapper.framework; includeInIndex = 0; path = Pods_CameraPhoto.framework; sourceTree = BUILT_PRODUCTS_DIR; };
/* End PBXFileReference section */

/* Begin PBXFrameworksBuildPhase section */
		59F1ADE9226ED20B00A8A40E /* Frameworks */ = {
			isa = PBXFrameworksBuildPhase;
			buildActionMask = 2147483647;
			files = (
				78163855553B8CD63E77F448 /* Pods_CameraPhoto.framework in Frameworks */,
			);
			runOnlyForDeploymentPostprocessing = 0;
		};
/* End PBXFrameworksBuildPhase section */

/* Begin PBXGroup section */
		118D86CAD2D0F20779E55BF0 /* Pods */ = {
			isa = PBXGroup;
			children = (
				BFA4EE8CA14941F4A9249DF2 /* Pods-CameraPhoto.debug.xcconfig */,
				694776DDAEB10740BD893D81 /* Pods-CameraPhoto.release.xcconfig */,
			);
			path = Pods;
			sourceTree = "<group>";
		};
		59F1ADE3226ED20B00A8A40E = {
			isa = PBXGroup;
			children = (
				59F1ADEE226ED20B00A8A40E /* CameraPhoto */,
				59F1ADED226ED20B00A8A40E /* Products */,
				118D86CAD2D0F20779E55BF0 /* Pods */,
				D86DCEA3A782A36A19088EF6 /* Frameworks */,
			);
			sourceTree = "<group>";
		};
		59F1ADED226ED20B00A8A40E /* Products */ = {
			isa = PBXGroup;
			children = (
				59F1ADEC226ED20B00A8A40E /* CameraPhoto.app */,
			);
			name = Products;
			sourceTree = "<group>";
		};
		59F1ADEE226ED20B00A8A40E /* CameraPhoto */ = {
			isa = PBXGroup;
			children = (
				59F1AE01226FECA100A8A40E /* ImageModel.swift */,
				59F1ADEF226ED20B00A8A40E /* AppDelegate.swift */,
				59F1ADF1226ED20B00A8A40E /* ViewController.swift */,
				59F1ADF3226ED20B00A8A40E /* Main.storyboard */,
				59F1ADF6226ED21100A8A40E /* Assets.xcassets */,
				59F1ADF8226ED21100A8A40E /* LaunchScreen.storyboard */,
				59F1ADFB226ED21100A8A40E /* Info.plist */,
			);
			path = CameraPhoto;
			sourceTree = "<group>";
		};
		D86DCEA3A782A36A19088EF6 /* Frameworks */ = {
			isa = PBXGroup;
			children = (
				FAE1E71AEA45BEF97F884B86 /* Pods_CameraPhoto.framework */,
			);
			name = Frameworks;
			sourceTree = "<group>";
		};
/* End PBXGroup section */

/* Begin PBXNativeTarget section */
		59F1ADEB226ED20B00A8A40E /* CameraPhoto */ = {
			isa = PBXNativeTarget;
			buildConfigurationList = 59F1ADFE226ED21100A8A40E /* Build configuration list for PBXNativeTarget "CameraPhoto" */;
			buildPhases = (
				857FB81B9C0C73A1714F872C /* [CP] Check Pods Manifest.lock */,
				59F1ADE8226ED20B00A8A40E /* Sources */,
				59F1ADE9226ED20B00A8A40E /* Frameworks */,
				59F1ADEA226ED20B00A8A40E /* Resources */,
				2967EE94FF60C2ED69D5D782 /* [CP] Embed Pods Frameworks */,
			);
			buildRules = (
			);
			dependencies = (
			);
			name = CameraPhoto;
			productName = CameraPhoto;
			productReference = 59F1ADEC226ED20B00A8A40E /* CameraPhoto.app */;
			productType = "com.apple.product-type.application";
		};
/* End PBXNativeTarget section */

/* Begin PBXProject section */
		59F1ADE4226ED20B00A8A40E /* Project object */ = {
			isa = PBXProject;
			attributes = {
				LastSwiftUpdateCheck = 1020;
				LastUpgradeCheck = 1020;
				ORGANIZATIONNAME = "大城　琉斗";
				TargetAttributes = {
					59F1ADEB226ED20B00A8A40E = {
						CreatedOnToolsVersion = 10.2;
					};
				};
			};
			buildConfigurationList = 59F1ADE7226ED20B00A8A40E /* Build configuration list for PBXProject "CameraPhoto" */;
			compatibilityVersion = "Xcode 9.3";
			developmentRegion = en;
			hasScannedForEncodings = 0;
			knownRegions = (
				en,
				Base,
			);
			mainGroup = 59F1ADE3226ED20B00A8A40E;
			productRefGroup = 59F1ADED226ED20B00A8A40E /* Products */;
			projectDirPath = "";
			projectRoot = "";
			targets = (
				59F1ADEB226ED20B00A8A40E /* CameraPhoto */,
			);
		};
/* End PBXProject section */

/* Begin PBXResourcesBuildPhase section */
		59F1ADEA226ED20B00A8A40E /* Resources */ = {
			isa = PBXResourcesBuildPhase;
			buildActionMask = 2147483647;
			files = (
				59F1ADFA226ED21100A8A40E /* LaunchScreen.storyboard in Resources */,
				59F1ADF7226ED21100A8A40E /* Assets.xcassets in Resources */,
				59F1ADF5226ED20B00A8A40E /* Main.storyboard in Resources */,
			);
			runOnlyForDeploymentPostprocessing = 0;
		};
/* End PBXResourcesBuildPhase section */

/* Begin PBXShellScriptBuildPhase section */
		2967EE94FF60C2ED69D5D782 /* [CP] Embed Pods Frameworks */ = {
			isa = PBXShellScriptBuildPhase;
			buildActionMask = 2147483647;
			files = (
			);
			inputFileListPaths = (
			);
			inputPaths = (
				"${PODS_ROOT}/Target Support Files/Pods-CameraPhoto/Pods-CameraPhoto-frameworks.sh",
				"${BUILT_PRODUCTS_DIR}/Realm/Realm.framework",
				"${BUILT_PRODUCTS_DIR}/RealmSwift/RealmSwift.framework",
			);
			name = "[CP] Embed Pods Frameworks";
			outputFileListPaths = (
			);
			outputPaths = (
				"${TARGET_BUILD_DIR}/${FRAMEWORKS_FOLDER_PATH}/Realm.framework",
				"${TARGET_BUILD_DIR}/${FRAMEWORKS_FOLDER_PATH}/RealmSwift.framework",
			);
			runOnlyForDeploymentPostprocessing = 0;
			shellPath = /bin/sh;
			shellScript = "\"${PODS_ROOT}/Target Support Files/Pods-CameraPhoto/Pods-CameraPhoto-frameworks.sh\"\n";
			showEnvVarsInLog = 0;
		};
		857FB81B9C0C73A1714F872C /* [CP] Check Pods Manifest.lock */ = {
			isa = PBXShellScriptBuildPhase;
			buildActionMask = 2147483647;
			files = (
			);
			inputFileListPaths = (
			);
			inputPaths = (
				"${PODS_PODFILE_DIR_PATH}/Podfile.lock",
				"${PODS_ROOT}/Manifest.lock",
			);
			name = "[CP] Check Pods Manifest.lock";
			outputFileListPaths = (
			);
			outputPaths = (
				"$(DERIVED_FILE_DIR)/Pods-CameraPhoto-checkManifestLockResult.txt",
			);
			runOnlyForDeploymentPostprocessing = 0;
			shellPath = /bin/sh;
			shellScript = "diff \"${PODS_PODFILE_DIR_PATH}/Podfile.lock\" \"${PODS_ROOT}/Manifest.lock\" > /dev/null\nif [ $? != 0 ] ; then\n    # print error to STDERR\n    echo \"error: The sandbox is not in sync with the Podfile.lock. Run 'pod install' or update your CocoaPods installation.\" >&2\n    exit 1\nfi\n# This output is used by Xcode 'outputs' to avoid re-running this script phase.\necho \"SUCCESS\" > \"${SCRIPT_OUTPUT_FILE_0}\"\n";
			showEnvVarsInLog = 0;
		};
/* End PBXShellScriptBuildPhase section */

/* Begin PBXSourcesBuildPhase section */
		59F1ADE8226ED20B00A8A40E /* Sources */ = {
			isa = PBXSourcesBuildPhase;
			buildActionMask = 2147483647;
			files = (
				59F1ADF2226ED20B00A8A40E /* ViewController.swift in Sources */,
				59F1AE02226FECA100A8A40E /* ImageModel.swift in Sources */,
				59F1ADF0226ED20B00A8A40E /* AppDelegate.swift in Sources */,
			);
			runOnlyForDeploymentPostprocessing = 0;
		};
/* End PBXSourcesBuildPhase section */

/* Begin PBXVariantGroup section */
		59F1ADF3226ED20B00A8A40E /* Main.storyboard */ = {
			isa = PBXVariantGroup;
			children = (
				59F1ADF4226ED20B00A8A40E /* Base */,
			);
			name = Main.storyboard;
			sourceTree = "<group>";
		};
		59F1ADF8226ED21100A8A40E /* LaunchScreen.storyboard */ = {
			isa = PBXVariantGroup;
			children = (
				59F1ADF9226ED21100A8A40E /* Base */,
			);
			name = LaunchScreen.storyboard;
			sourceTree = "<group>";
		};
/* End PBXVariantGroup section */

/* Begin XCBuildConfiguration section */
		59F1ADFC226ED21100A8A40E /* Debug */ = {
			isa = XCBuildConfiguration;
			buildSettings = {
				ALWAYS_SEARCH_USER_PATHS = NO;
				CLANG_ANALYZER_NONNULL = YES;
				CLANG_ANALYZER_NUMBER_OBJECT_CONVERSION = YES_AGGRESSIVE;
				CLANG_CXX_LANGUAGE_STANDARD = "gnu++14";
				CLANG_CXX_LIBRARY = "libc++";
				CLANG_ENABLE_MODULES = YES;
				CLANG_ENABLE_OBJC_ARC = YES;
				CLANG_ENABLE_OBJC_WEAK = YES;
				CLANG_WARN_BLOCK_CAPTURE_AUTORELEASING = YES;
				CLANG_WARN_BOOL_CONVERSION = YES;
				CLANG_WARN_COMMA = YES;
				CLANG_WARN_CONSTANT_CONVERSION = YES;
				CLANG_WARN_DEPRECATED_OBJC_IMPLEMENTATIONS = YES;
				CLANG_WARN_DIRECT_OBJC_ISA_USAGE = YES_ERROR;
				CLANG_WARN_DOCUMENTATION_COMMENTS = YES;
				CLANG_WARN_EMPTY_BODY = YES;
				CLANG_WARN_ENUM_CONVERSION = YES;
				CLANG_WARN_INFINITE_RECURSION = YES;
				CLANG_WARN_INT_CONVERSION = YES;
				CLANG_WARN_NON_LITERAL_NULL_CONVERSION = YES;
				CLANG_WARN_OBJC_IMPLICIT_RETAIN_SELF = YES;
				CLANG_WARN_OBJC_LITERAL_CONVERSION = YES;
				CLANG_WARN_OBJC_ROOT_CLASS = YES_ERROR;
				CLANG_WARN_RANGE_LOOP_ANALYSIS = YES;
				CLANG_WARN_STRICT_PROTOTYPES = YES;
				CLANG_WARN_SUSPICIOUS_MOVE = YES;
				CLANG_WARN_UNGUARDED_AVAILABILITY = YES_AGGRESSIVE;
				CLANG_WARN_UNREACHABLE_CODE = YES;
				CLANG_WARN__DUPLICATE_METHOD_MATCH = YES;
				CODE_SIGN_IDENTITY = "iPhone Developer";
				COPY_PHASE_STRIP = NO;
				DEBUG_INFORMATION_FORMAT = dwarf;
				ENABLE_STRICT_OBJC_MSGSEND = YES;
				ENABLE_TESTABILITY = YES;
				GCC_C_LANGUAGE_STANDARD = gnu11;
				GCC_DYNAMIC_NO_PIC = NO;
				GCC_NO_COMMON_BLOCKS = YES;
				GCC_OPTIMIZATION_LEVEL = 0;
				GCC_PREPROCESSOR_DEFINITIONS = (
					"DEBUG=1",
					"$(inherited)",
				);
				GCC_WARN_64_TO_32_BIT_CONVERSION = YES;
				GCC_WARN_ABOUT_RETURN_TYPE = YES_ERROR;
				GCC_WARN_UNDECLARED_SELECTOR = YES;
				GCC_WARN_UNINITIALIZED_AUTOS = YES_AGGRESSIVE;
				GCC_WARN_UNUSED_FUNCTION = YES;
				GCC_WARN_UNUSED_VARIABLE = YES;
				IPHONEOS_DEPLOYMENT_TARGET = 12.2;
				MTL_ENABLE_DEBUG_INFO = INCLUDE_SOURCE;
				MTL_FAST_MATH = YES;
				ONLY_ACTIVE_ARCH = YES;
				SDKROOT = iphoneos;
				SWIFT_ACTIVE_COMPILATION_CONDITIONS = DEBUG;
				SWIFT_OPTIMIZATION_LEVEL = "-Onone";
			};
			name = Debug;
		};
		59F1ADFD226ED21100A8A40E /* Release */ = {
			isa = XCBuildConfiguration;
			buildSettings = {
				ALWAYS_SEARCH_USER_PATHS = NO;
				CLANG_ANALYZER_NONNULL = YES;
				CLANG_ANALYZER_NUMBER_OBJECT_CONVERSION = YES_AGGRESSIVE;
				CLANG_CXX_LANGUAGE_STANDARD = "gnu++14";
				CLANG_CXX_LIBRARY = "libc++";
				CLANG_ENABLE_MODULES = YES;
				CLANG_ENABLE_OBJC_ARC = YES;
				CLANG_ENABLE_OBJC_WEAK = YES;
				CLANG_WARN_BLOCK_CAPTURE_AUTORELEASING = YES;
				CLANG_WARN_BOOL_CONVERSION = YES;
				CLANG_WARN_COMMA = YES;
				CLANG_WARN_CONSTANT_CONVERSION = YES;
				CLANG_WARN_DEPRECATED_OBJC_IMPLEMENTATIONS = YES;
				CLANG_WARN_DIRECT_OBJC_ISA_USAGE = YES_ERROR;
				CLANG_WARN_DOCUMENTATION_COMMENTS = YES;
				CLANG_WARN_EMPTY_BODY = YES;
				CLANG_WARN_ENUM_CONVERSION = YES;
				CLANG_WARN_INFINITE_RECURSION = YES;
				CLANG_WARN_INT_CONVERSION = YES;
				CLANG_WARN_NON_LITERAL_NULL_CONVERSION = YES;
				CLANG_WARN_OBJC_IMPLICIT_RETAIN_SELF = YES;
				CLANG_WARN_OBJC_LITERAL_CONVERSION = YES;
				CLANG_WARN_OBJC_ROOT_CLASS = YES_ERROR;
				CLANG_WARN_RANGE_LOOP_ANALYSIS = YES;
				CLANG_WARN_STRICT_PROTOTYPES = YES;
				CLANG_WARN_SUSPICIOUS_MOVE = YES;
				CLANG_WARN_UNGUARDED_AVAILABILITY = YES_AGGRESSIVE;
				CLANG_WARN_UNREACHABLE_CODE = YES;
				CLANG_WARN__DUPLICATE_METHOD_MATCH = YES;
				CODE_SIGN_IDENTITY = "iPhone Developer";
				COPY_PHASE_STRIP = NO;
				DEBUG_INFORMATION_FORMAT = "dwarf-with-dsym";
				ENABLE_NS_ASSERTIONS = NO;
				ENABLE_STRICT_OBJC_MSGSEND = YES;
				GCC_C_LANGUAGE_STANDARD = gnu11;
				GCC_NO_COMMON_BLOCKS = YES;
				GCC_WARN_64_TO_32_BIT_CONVERSION = YES;
				GCC_WARN_ABOUT_RETURN_TYPE = YES_ERROR;
				GCC_WARN_UNDECLARED_SELECTOR = YES;
				GCC_WARN_UNINITIALIZED_AUTOS = YES_AGGRESSIVE;
				GCC_WARN_UNUSED_FUNCTION = YES;
				GCC_WARN_UNUSED_VARIABLE = YES;
				IPHONEOS_DEPLOYMENT_TARGET = 12.2;
				MTL_ENABLE_DEBUG_INFO = NO;
				MTL_FAST_MATH = YES;
				SDKROOT = iphoneos;
				SWIFT_COMPILATION_MODE = wholemodule;
				SWIFT_OPTIMIZATION_LEVEL = "-O";
				VALIDATE_PRODUCT = YES;
			};
			name = Release;
		};
		59F1ADFF226ED21100A8A40E /* Debug */ = {
			isa = XCBuildConfiguration;
			baseConfigurationReference = BFA4EE8CA14941F4A9249DF2 /* Pods-CameraPhoto.debug.xcconfig */;
			buildSettings = {
				ASSETCATALOG_COMPILER_APPICON_NAME = AppIcon;
				CODE_SIGN_STYLE = Automatic;
				DEVELOPMENT_TEAM = 54JH6EW7JJ;
				INFOPLIST_FILE = CameraPhoto/Info.plist;
				LD_RUNPATH_SEARCH_PATHS = (
					"$(inherited)",
					"@executable_path/Frameworks",
				);
				PRODUCT_BUNDLE_IDENTIFIER = com.example.someone.CameraPhoto;
				PRODUCT_NAME = "$(TARGET_NAME)";
				SWIFT_VERSION = 5.0;
				TARGETED_DEVICE_FAMILY = "1,2";
			};
			name = Debug;
		};
		59F1AE00226ED21100A8A40E /* Release */ = {
			isa = XCBuildConfiguration;
			baseConfigurationReference = 694776DDAEB10740BD893D81 /* Pods-CameraPhoto.release.xcconfig */;
			buildSettings = {
				ASSETCATALOG_COMPILER_APPICON_NAME = AppIcon;
				CODE_SIGN_STYLE = Automatic;
				DEVELOPMENT_TEAM = 54JH6EW7JJ;
				INFOPLIST_FILE = CameraPhoto/Info.plist;
				LD_RUNPATH_SEARCH_PATHS = (
					"$(inherited)",
					"@executable_path/Frameworks",
				);
				PRODUCT_BUNDLE_IDENTIFIER = com.example.someone.CameraPhoto;
				PRODUCT_NAME = "$(TARGET_NAME)";
				SWIFT_VERSION = 5.0;
				TARGETED_DEVICE_FAMILY = "1,2";
			};
			name = Release;
		};
/* End XCBuildConfiguration section */

/* Begin XCConfigurationList section */
		59F1ADE7226ED20B00A8A40E /* Build configuration list for PBXProject "CameraPhoto" */ = {
			isa = XCConfigurationList;
			buildConfigurations = (
				59F1ADFC226ED21100A8A40E /* Debug */,
				59F1ADFD226ED21100A8A40E /* Release */,
			);
			defaultConfigurationIsVisible = 0;
			defaultConfigurationName = Release;
		};
		59F1ADFE226ED21100A8A40E /* Build configuration list for PBXNativeTarget "CameraPhoto" */ = {
			isa = XCConfigurationList;
			buildConfigurations = (
				59F1ADFF226ED21100A8A40E /* Debug */,
				59F1AE00226ED21100A8A40E /* Release */,
			);
			defaultConfigurationIsVisible = 0;
			defaultConfigurationName = Release;
		};
/* End XCConfigurationList section */
	};
	rootObject = 59F1ADE4226ED20B00A8A40E /* Project object */;
}
